<Solution>
  <Folder Name="/Task0/">
    <Project Path="Tyuiu.KhomutovaLE.Sprint1.Task0.V22.Lib/Tyuiu.KhomutovaLE.Sprint1.Task0.V22.Lib.csproj" />
    <Project Path="Tyuiu.KhomutovaLE.Sprint1.Task0.V22.Test/Tyuiu.KhomutovaLE.Sprint1.Task0.V22.Test.csproj" />
    <Project Path="Tyuiu.KhomutovaLE.Sprint1.Task0.V22/Tyuiu.KhomutovaLE.Sprint1.Task0.V22.csproj" />
  </Folder>
  <Folder Name="/Task1/">
    <Project Path="Tyuiu.KhomutovaLE.Sprint1.Task1.V17.Lib/Tyuiu.KhomutovaLE.Sprint1.Task1.V17.Lib.csproj" Id="9863868c-afe4-465a-bdbc-88aa7468db5b" />
    <Project Path="Tyuiu.KhomutovaLE.Sprint1.Task1.V17.Test/Tyuiu.KhomutovaLE.Sprint1.Task1.V17.Test.csproj" Id="69656e43-5e4b-43b7-af29-93f7571132fe" />
    <Project Path="Tyuiu.KhomutovaLE.Sprint1.Task1.V17/Tyuiu.KhomutovaLE.Sprint1.Task1.V17.csproj" Id="14f9412b-a4ab-4461-a6f5-9477577922ea" />
  </Folder>
</Solution>
