<Solution>
  <Folder Name="/Task0/">
    <Project Path="Tyuiu.KhomutovaLE.Sprint1.Task0.V22.Lib/Tyuiu.KhomutovaLE.Sprint1.Task0.V22.Lib.csproj" />
    <Project Path="Tyuiu.KhomutovaLE.Sprint1.Task0.V22.Test/Tyuiu.KhomutovaLE.Sprint1.Task0.V22.Test.csproj" />
    <Project Path="Tyuiu.KhomutovaLE.Sprint1.Task0.V22/Tyuiu.KhomutovaLE.Sprint1.Task0.V22.csproj" />
  </Folder>
  <Folder Name="/Task1/">
    <Project Path="Tyuiu.KhomutovaLE.Sprint1.Task1.V17.Lib/Tyuiu.KhomutovaLE.Sprint1.Task1.V17.Lib.csproj" Id="9863868c-afe4-465a-bdbc-88aa7468db5b" />
    <Project Path="Tyuiu.KhomutovaLE.Sprint1.Task1.V17.Test/Tyuiu.KhomutovaLE.Sprint1.Task1.V17.Test.csproj" Id="69656e43-5e4b-43b7-af29-93f7571132fe" />
    <Project Path="Tyuiu.KhomutovaLE.Sprint1.Task1.V17/Tyuiu.KhomutovaLE.Sprint1.Task1.V17.csproj" Id="14f9412b-a4ab-4461-a6f5-9477577922ea" />
  </Folder>
  <Folder Name="/Task2/">
    <Project Path="Tyuiu.KhomutovaLE.Sprint1.Task2.V12.Lib/Tyuiu.KhomutovaLE.Sprint1.Task2.V12.Lib.csproj" Id="0875efb1-e16a-4a40-8c71-47e6ac16336d" />
    <Project Path="Tyuiu.KhomutovaLE.Sprint1.Task2.V12.Test/Tyuiu.KhomutovaLE.Sprint1.Task2.V12.Test.csproj" Id="c4359faa-ddc5-441e-b27f-6d230901d240" />
    <Project Path="Tyuiu.KhomutovaLE.Sprint1.Task2.V12/Tyuiu.KhomutovaLE.Sprint1.Task2.V12.csproj" Id="bd12d7f7-7fd7-4555-a9e6-ff6e70b2677c" />
  </Folder>
  <Folder Name="/Task3/">
    <Project Path="Tyuiu.KhomutovaLE.Sprint1.Task3.V1.Lib/Tyuiu.KhomutovaLE.Sprint1.Task3.V1.Lib.csproj" Id="80b29a92-4ddf-4dc1-9f0d-47f36acb3830" />
    <Project Path="Tyuiu.KhomutovaLE.Sprint1.Task3.V1.Test/Tyuiu.KhomutovaLE.Sprint1.Task3.V1.Test.csproj" Id="f0b18183-75d1-4c18-a3d0-149ed1d2dbc7" />
    <Project Path="Tyuiu.KhomutovaLE.Sprint1.Task3.V1/Tyuiu.KhomutovaLE.Sprint1.Task3.V1.csproj" Id="7182f90a-c19d-4bd4-bd23-b5b627b4dc27" />
  </Folder>
  <Folder Name="/Task4/">
    <Project Path="Tyuiu.KhomutovaLE.Sprint1.Task4.V24.Lib/Tyuiu.KhomutovaLE.Sprint1.Task4.V24.Lib.csproj" Id="ef6ab74d-37ea-4901-98fd-484ebc9f8666" />
    <Project Path="Tyuiu.KhomutovaLE.Sprint1.Task4.V24.Test/Tyuiu.KhomutovaLE.Sprint1.Task4.V24.Test.csproj" Id="ed255961-6fd9-47a1-87da-fbf706247f6d" />
    <Project Path="Tyuiu.KhomutovaLE.Sprint1.Task4.V24/Tyuiu.KhomutovaLE.Sprint1.Task4.V24.csproj" Id="defb2ab0-4010-4337-a163-48457a10f07b" />
  </Folder>
</Solution>
